
Microsoft Visual Studio Solution File, Format Version 12.00
# Visual Studio Version 17
VisualStudioVersion = 17.12.35527.113
MinimumVisualStudioVersion = 10.0.40219.1
Project("{8BC9CEB8-8B4A-11D0-8D11-00A0C91BC942}") = "stud", "stud\stud.vcxproj", "{FE93D918-51D3-4F8A-A1DF-C61E85B55007}"
EndProject
Project("{8BC9CEB8-8B4A-11D0-8D11-00A0C91BC942}") = "lecture 4", "lecture 4\lecture 4.vcxproj", "{9453DB74-96C2-47F5-9209-364FC281DE5D}"
EndProject
Project("{8BC9CEB8-8B4A-11D0-8D11-00A0C91BC942}") = "thr", "thr\thr.vcxproj", "{14178EC3-EE82-45BB-8339-4ADD22ED8C68}"
EndProject
Project("{8BC9CEB8-8B4A-11D0-8D11-00A0C91BC942}") = "thr2", "thr2\thr2.vcxproj", "{360C9FE0-601C-4B7D-A676-D531E208DF6E}"
EndProject
Global
	GlobalSection(SolutionConfigurationPlatforms) = preSolution
		Debug|x64 = Debug|x64
		Debug|x86 = Debug|x86
		Release|x64 = Release|x64
		Release|x86 = Release|x86
	EndGlobalSection
	GlobalSection(ProjectConfigurationPlatforms) = postSolution
		{FE93D918-51D3-4F8A-A1DF-C61E85B55007}.Debug|x64.ActiveCfg = Debug|x64
		{FE93D918-51D3-4F8A-A1DF-C61E85B55007}.Debug|x64.Build.0 = Debug|x64
		{FE93D918-51D3-4F8A-A1DF-C61E85B55007}.Debug|x86.ActiveCfg = Debug|Win32
		{FE93D918-51D3-4F8A-A1DF-C61E85B55007}.Debug|x86.Build.0 = Debug|Win32
		{FE93D918-51D3-4F8A-A1DF-C61E85B55007}.Release|x64.ActiveCfg = Release|x64
		{FE93D918-51D3-4F8A-A1DF-C61E85B55007}.Release|x64.Build.0 = Release|x64
		{FE93D918-51D3-4F8A-A1DF-C61E85B55007}.Release|x86.ActiveCfg = Release|Win32
		{FE93D918-51D3-4F8A-A1DF-C61E85B55007}.Release|x86.Build.0 = Release|Win32
		{9453DB74-96C2-47F5-9209-364FC281DE5D}.Debug|x64.ActiveCfg = Debug|x64
		{9453DB74-96C2-47F5-9209-364FC281DE5D}.Debug|x64.Build.0 = Debug|x64
		{9453DB74-96C2-47F5-9209-364FC281DE5D}.Debug|x86.ActiveCfg = Debug|Win32
		{9453DB74-96C2-47F5-9209-364FC281DE5D}.Debug|x86.Build.0 = Debug|Win32
		{9453DB74-96C2-47F5-9209-364FC281DE5D}.Release|x64.ActiveCfg = Release|x64
		{9453DB74-96C2-47F5-9209-364FC281DE5D}.Release|x64.Build.0 = Release|x64
		{9453DB74-96C2-47F5-9209-364FC281DE5D}.Release|x86.ActiveCfg = Release|Win32
		{9453DB74-96C2-47F5-9209-364FC281DE5D}.Release|x86.Build.0 = Release|Win32
		{14178EC3-EE82-45BB-8339-4ADD22ED8C68}.Debug|x64.ActiveCfg = Debug|x64
		{14178EC3-EE82-45BB-8339-4ADD22ED8C68}.Debug|x64.Build.0 = Debug|x64
		{14178EC3-EE82-45BB-8339-4ADD22ED8C68}.Debug|x86.ActiveCfg = Debug|Win32
		{14178EC3-EE82-45BB-8339-4ADD22ED8C68}.Debug|x86.Build.0 = Debug|Win32
		{14178EC3-EE82-45BB-8339-4ADD22ED8C68}.Release|x64.ActiveCfg = Release|x64
		{14178EC3-EE82-45BB-8339-4ADD22ED8C68}.Release|x64.Build.0 = Release|x64
		{14178EC3-EE82-45BB-8339-4ADD22ED8C68}.Release|x86.ActiveCfg = Release|Win32
		{14178EC3-EE82-45BB-8339-4ADD22ED8C68}.Release|x86.Build.0 = Release|Win32
		{360C9FE0-601C-4B7D-A676-D531E208DF6E}.Debug|x64.ActiveCfg = Debug|x64
		{360C9FE0-601C-4B7D-A676-D531E208DF6E}.Debug|x64.Build.0 = Debug|x64
		{360C9FE0-601C-4B7D-A676-D531E208DF6E}.Debug|x86.ActiveCfg = Debug|Win32
		{360C9FE0-601C-4B7D-A676-D531E208DF6E}.Debug|x86.Build.0 = Debug|Win32
		{360C9FE0-601C-4B7D-A676-D531E208DF6E}.Release|x64.ActiveCfg = Release|x64
		{360C9FE0-601C-4B7D-A676-D531E208DF6E}.Release|x64.Build.0 = Release|x64
		{360C9FE0-601C-4B7D-A676-D531E208DF6E}.Release|x86.ActiveCfg = Release|Win32
		{360C9FE0-601C-4B7D-A676-D531E208DF6E}.Release|x86.Build.0 = Release|Win32
	EndGlobalSection
	GlobalSection(SolutionProperties) = preSolution
		HideSolutionNode = FALSE
	EndGlobalSection
EndGlobal
